github.com/RushikeshMarkad16/gomodule1 v0.0.0-20220812114817-1b6d09346ede h1:MhBzZhavjtujxfmckECNYih5OVuOjCisOscV93WN5y0=
github.com/RushikeshMarkad16/gomodule1 v0.0.0-20220812114817-1b6d09346ede/go.mod h1:iPs3Cu9LXqITwIhxuUTJ9IKP57x/i2JvUyzhGG6Ir2o=
github.com/bxcodec/faker/v3 v3.8.0 h1:F59Qqnsh0BOtZRC+c4cXoB/VNYDMS3R5mlSpxIap1oU=
github.com/bxcodec/faker/v3 v3.8.0/go.mod h1:gF31YgnMSMKgkvl+fyEo1xuSMbEuieyqfeslGYFjneM=
